// !$*UTF8*$!
{
	archiveVersion = 1;
	classes = {
	};
	objectVersion = 51;
	objects = {

/* Begin PBXBuildFile section */
		B2695243607A0DBCF0E2012F /* Pods_FlickrGallery.framework in Frameworks */ = {isa = PBXBuildFile; fileRef = AA741E800D28AA148BB9ADD3 /* Pods_FlickrGallery.framework */; };
		E11CF5432609394C00087B9F /* MainViewController.swift in Sources */ = {isa = PBXBuildFile; fileRef = E11CF5422609394C00087B9F /* MainViewController.swift */; };
		E11CF5462609395400087B9F /* PhotoViewController.swift in Sources */ = {isa = PBXBuildFile; fileRef = E11CF5452609395400087B9F /* PhotoViewController.swift */; };
		E11CF54A260939F800087B9F /* PhotoModel.swift in Sources */ = {isa = PBXBuildFile; fileRef = E11CF549260939F800087B9F /* PhotoModel.swift */; };
		E11CF54D260A707000087B9F /* Constants.swift in Sources */ = {isa = PBXBuildFile; fileRef = E11CF54C260A707000087B9F /* Constants.swift */; };
		E11CF550260A758B00087B9F /* PhotoCell.swift in Sources */ = {isa = PBXBuildFile; fileRef = E11CF54F260A758B00087B9F /* PhotoCell.swift */; };
		E1274D59260CE8E5008A16C6 /* AlamofireFetch.swift in Sources */ = {isa = PBXBuildFile; fileRef = E1274D58260CE8E5008A16C6 /* AlamofireFetch.swift */; };
		E1274D5C260CEA4C008A16C6 /* Extensions.swift in Sources */ = {isa = PBXBuildFile; fileRef = E1274D5B260CEA4C008A16C6 /* Extensions.swift */; };
		E1FA48062607C25700729713 /* AppDelegate.swift in Sources */ = {isa = PBXBuildFile; fileRef = E1FA48052607C25700729713 /* AppDelegate.swift */; };
		E1FA48082607C25700729713 /* SceneDelegate.swift in Sources */ = {isa = PBXBuildFile; fileRef = E1FA48072607C25700729713 /* SceneDelegate.swift */; };
		E1FA480D2607C25700729713 /* Main.storyboard in Resources */ = {isa = PBXBuildFile; fileRef = E1FA480B2607C25700729713 /* Main.storyboard */; };
		E1FA480F2607C25E00729713 /* Assets.xcassets in Resources */ = {isa = PBXBuildFile; fileRef = E1FA480E2607C25E00729713 /* Assets.xcassets */; };
		E1FA48122607C25E00729713 /* LaunchScreen.storyboard in Resources */ = {isa = PBXBuildFile; fileRef = E1FA48102607C25E00729713 /* LaunchScreen.storyboard */; };
/* End PBXBuildFile section */

/* Begin PBXFileReference section */
		064A2A303792D3C5EC920812 /* Pods-FlickrGallery.debug.xcconfig */ = {isa = PBXFileReference; includeInIndex = 1; lastKnownFileType = text.xcconfig; name = "Pods-FlickrGallery.debug.xcconfig"; path = "Target Support Files/Pods-FlickrGallery/Pods-FlickrGallery.debug.xcconfig"; sourceTree = "<group>"; };
		72B499FEA77E85FA632C7C88 /* Pods-FlickrGallery.release.xcconfig */ = {isa = PBXFileReference; includeInIndex = 1; lastKnownFileType = text.xcconfig; name = "Pods-FlickrGallery.release.xcconfig"; path = "Target Support Files/Pods-FlickrGallery/Pods-FlickrGallery.release.xcconfig"; sourceTree = "<group>"; };
		AA741E800D28AA148BB9ADD3 /* Pods_FlickrGallery.framework */ = {isa = PBXFileReference; explicitFileType = wrapper.framework; includeInIndex = 0; path = Pods_FlickrGallery.framework; sourceTree = BUILT_PRODUCTS_DIR; };
		E11CF5422609394C00087B9F /* MainViewController.swift */ = {isa = PBXFileReference; lastKnownFileType = sourcecode.swift; path = MainViewController.swift; sourceTree = "<group>"; };
		E11CF5452609395400087B9F /* PhotoViewController.swift */ = {isa = PBXFileReference; lastKnownFileType = sourcecode.swift; path = PhotoViewController.swift; sourceTree = "<group>"; };
		E11CF549260939F800087B9F /* PhotoModel.swift */ = {isa = PBXFileReference; lastKnownFileType = sourcecode.swift; path = PhotoModel.swift; sourceTree = "<group>"; };
		E11CF54C260A707000087B9F /* Constants.swift */ = {isa = PBXFileReference; lastKnownFileType = sourcecode.swift; path = Constants.swift; sourceTree = "<group>"; };
		E11CF54F260A758B00087B9F /* PhotoCell.swift */ = {isa = PBXFileReference; lastKnownFileType = sourcecode.swift; path = PhotoCell.swift; sourceTree = "<group>"; };
		E1274D58260CE8E5008A16C6 /* AlamofireFetch.swift */ = {isa = PBXFileReference; lastKnownFileType = sourcecode.swift; path = AlamofireFetch.swift; sourceTree = "<group>"; };
		E1274D5B260CEA4C008A16C6 /* Extensions.swift */ = {isa = PBXFileReference; lastKnownFileType = sourcecode.swift; path = Extensions.swift; sourceTree = "<group>"; };
		E1FA48022607C25700729713 /* FlickrGallery.app */ = {isa = PBXFileReference; explicitFileType = wrapper.application; includeInIndex = 0; path = FlickrGallery.app; sourceTree = BUILT_PRODUCTS_DIR; };
		E1FA48052607C25700729713 /* AppDelegate.swift */ = {isa = PBXFileReference; lastKnownFileType = sourcecode.swift; path = AppDelegate.swift; sourceTree = "<group>"; };
		E1FA48072607C25700729713 /* SceneDelegate.swift */ = {isa = PBXFileReference; lastKnownFileType = sourcecode.swift; path = SceneDelegate.swift; sourceTree = "<group>"; };
		E1FA480C2607C25700729713 /* Base */ = {isa = PBXFileReference; lastKnownFileType = file.storyboard; name = Base; path = Base.lproj/Main.storyboard; sourceTree = "<group>"; };
		E1FA480E2607C25E00729713 /* Assets.xcassets */ = {isa = PBXFileReference; lastKnownFileType = folder.assetcatalog; path = Assets.xcassets; sourceTree = "<group>"; };
		E1FA48112607C25E00729713 /* Base */ = {isa = PBXFileReference; lastKnownFileType = file.storyboard; name = Base; path = Base.lproj/LaunchScreen.storyboard; sourceTree = "<group>"; };
		E1FA48132607C25E00729713 /* Info.plist */ = {isa = PBXFileReference; lastKnownFileType = text.plist.xml; path = Info.plist; sourceTree = "<group>"; };
/* End PBXFileReference section */

/* Begin PBXFrameworksBuildPhase section */
		E1FA47FF2607C25700729713 /* Frameworks */ = {
			isa = PBXFrameworksBuildPhase;
			buildActionMask = 2147483647;
			files = (
				B2695243607A0DBCF0E2012F /* Pods_FlickrGallery.framework in Frameworks */,
			);
			runOnlyForDeploymentPostprocessing = 0;
		};
/* End PBXFrameworksBuildPhase section */

/* Begin PBXGroup section */
		A4EF117BDD65A39CA42DB779 /* Frameworks */ = {
			isa = PBXGroup;
			children = (
				AA741E800D28AA148BB9ADD3 /* Pods_FlickrGallery.framework */,
			);
			name = Frameworks;
			sourceTree = "<group>";
		};
		B6F8FE49BA2A95F56BEB5841 /* Pods */ = {
			isa = PBXGroup;
			children = (
				064A2A303792D3C5EC920812 /* Pods-FlickrGallery.debug.xcconfig */,
				72B499FEA77E85FA632C7C88 /* Pods-FlickrGallery.release.xcconfig */,
			);
			path = Pods;
			sourceTree = "<group>";
		};
		E18CC525260CF156003DED8D /* Controller */ = {
			isa = PBXGroup;
			children = (
				E11CF5422609394C00087B9F /* MainViewController.swift */,
				E11CF5452609395400087B9F /* PhotoViewController.swift */,
			);
			path = Controller;
			sourceTree = "<group>";
		};
		E18CC527260CF186003DED8D /* Helpers */ = {
			isa = PBXGroup;
			children = (
				E18CC52A260CF1B2003DED8D /* Cell */,
				E1FA48052607C25700729713 /* AppDelegate.swift */,
				E1FA48072607C25700729713 /* SceneDelegate.swift */,
				E1274D5B260CEA4C008A16C6 /* Extensions.swift */,
				E11CF54C260A707000087B9F /* Constants.swift */,
				E1274D58260CE8E5008A16C6 /* AlamofireFetch.swift */,
				E1FA480E2607C25E00729713 /* Assets.xcassets */,
				E1FA48132607C25E00729713 /* Info.plist */,
			);
			path = Helpers;
			sourceTree = "<group>";
		};
		E18CC529260CF1A5003DED8D /* Model */ = {
			isa = PBXGroup;
			children = (
				E11CF549260939F800087B9F /* PhotoModel.swift */,
			);
			path = Model;
			sourceTree = "<group>";
		};
		E18CC52A260CF1B2003DED8D /* Cell */ = {
			isa = PBXGroup;
			children = (
				E11CF54F260A758B00087B9F /* PhotoCell.swift */,
			);
			path = Cell;
			sourceTree = "<group>";
		};
		E18CC52B260CF1C5003DED8D /* View */ = {
			isa = PBXGroup;
			children = (
				E1FA480B2607C25700729713 /* Main.storyboard */,
				E1FA48102607C25E00729713 /* LaunchScreen.storyboard */,
			);
			path = View;
			sourceTree = "<group>";
		};
		E1FA47F92607C25700729713 = {
			isa = PBXGroup;
			children = (
				E1FA48042607C25700729713 /* FlickrGallery */,
				E1FA48032607C25700729713 /* Products */,
				B6F8FE49BA2A95F56BEB5841 /* Pods */,
				A4EF117BDD65A39CA42DB779 /* Frameworks */,
			);
			sourceTree = "<group>";
		};
		E1FA48032607C25700729713 /* Products */ = {
			isa = PBXGroup;
			children = (
				E1FA48022607C25700729713 /* FlickrGallery.app */,
			);
			name = Products;
			sourceTree = "<group>";
		};
		E1FA48042607C25700729713 /* FlickrGallery */ = {
			isa = PBXGroup;
			children = (
				E18CC529260CF1A5003DED8D /* Model */,
				E18CC52B260CF1C5003DED8D /* View */,
				E18CC525260CF156003DED8D /* Controller */,
				E18CC527260CF186003DED8D /* Helpers */,
			);
			path = FlickrGallery;
			sourceTree = "<group>";
		};
/* End PBXGroup section */

/* Begin PBXNativeTarget section */
		E1FA48012607C25700729713 /* FlickrGallery */ = {
			isa = PBXNativeTarget;
			buildConfigurationList = E1FA48162607C25E00729713 /* Build configuration list for PBXNativeTarget "FlickrGallery" */;
			buildPhases = (
				3C695E5A12E919F889FCBE2F /* [CP] Check Pods Manifest.lock */,
				E1FA47FE2607C25700729713 /* Sources */,
				E1FA47FF2607C25700729713 /* Frameworks */,
				E1FA48002607C25700729713 /* Resources */,
				944CE76D6C57278D9A62C7CF /* [CP] Embed Pods Frameworks */,
			);
			buildRules = (
			);
			dependencies = (
			);
			name = FlickrGallery;
			productName = FlickrGallery;
			productReference = E1FA48022607C25700729713 /* FlickrGallery.app */;
			productType = "com.apple.product-type.application";
		};
/* End PBXNativeTarget section */

/* Begin PBXProject section */
		E1FA47FA2607C25700729713 /* Project object */ = {
			isa = PBXProject;
			attributes = {
				LastSwiftUpdateCheck = 1230;
				LastUpgradeCheck = 1230;
				TargetAttributes = {
					E1FA48012607C25700729713 = {
						CreatedOnToolsVersion = 12.3;
					};
				};
			};
			buildConfigurationList = E1FA47FD2607C25700729713 /* Build configuration list for PBXProject "FlickrGallery" */;
			compatibilityVersion = "Xcode 9.3";
			developmentRegion = en;
			hasScannedForEncodings = 0;
			knownRegions = (
				en,
				Base,
			);
			mainGroup = E1FA47F92607C25700729713;
			productRefGroup = E1FA48032607C25700729713 /* Products */;
			projectDirPath = "";
			projectRoot = "";
			targets = (
				E1FA48012607C25700729713 /* FlickrGallery */,
			);
		};
/* End PBXProject section */

/* Begin PBXResourcesBuildPhase section */
		E1FA48002607C25700729713 /* Resources */ = {
			isa = PBXResourcesBuildPhase;
			buildActionMask = 2147483647;
			files = (
				E1FA48122607C25E00729713 /* LaunchScreen.storyboard in Resources */,
				E1FA480F2607C25E00729713 /* Assets.xcassets in Resources */,
				E1FA480D2607C25700729713 /* Main.storyboard in Resources */,
			);
			runOnlyForDeploymentPostprocessing = 0;
		};
/* End PBXResourcesBuildPhase section */

/* Begin PBXShellScriptBuildPhase section */
		3C695E5A12E919F889FCBE2F /* [CP] Check Pods Manifest.lock */ = {
			isa = PBXShellScriptBuildPhase;
			buildActionMask = 2147483647;
			files = (
			);
			inputFileListPaths = (
			);
			inputPaths = (
				"${PODS_PODFILE_DIR_PATH}/Podfile.lock",
				"${PODS_ROOT}/Manifest.lock",
			);
			name = "[CP] Check Pods Manifest.lock";
			outputFileListPaths = (
			);
			outputPaths = (
				"$(DERIVED_FILE_DIR)/Pods-FlickrGallery-checkManifestLockResult.txt",
			);
			runOnlyForDeploymentPostprocessing = 0;
			shellPath = /bin/sh;
			shellScript = "diff \"${PODS_PODFILE_DIR_PATH}/Podfile.lock\" \"${PODS_ROOT}/Manifest.lock\" > /dev/null\nif [ $? != 0 ] ; then\n    # print error to STDERR\n    echo \"error: The sandbox is not in sync with the Podfile.lock. Run 'pod install' or update your CocoaPods installation.\" >&2\n    exit 1\nfi\n# This output is used by Xcode 'outputs' to avoid re-running this script phase.\necho \"SUCCESS\" > \"${SCRIPT_OUTPUT_FILE_0}\"\n";
			showEnvVarsInLog = 0;
		};
		944CE76D6C57278D9A62C7CF /* [CP] Embed Pods Frameworks */ = {
			isa = PBXShellScriptBuildPhase;
			buildActionMask = 2147483647;
			files = (
			);
			inputFileListPaths = (
				"${PODS_ROOT}/Target Support Files/Pods-FlickrGallery/Pods-FlickrGallery-frameworks-${CONFIGURATION}-input-files.xcfilelist",
			);
			name = "[CP] Embed Pods Frameworks";
			outputFileListPaths = (
				"${PODS_ROOT}/Target Support Files/Pods-FlickrGallery/Pods-FlickrGallery-frameworks-${CONFIGURATION}-output-files.xcfilelist",
			);
			runOnlyForDeploymentPostprocessing = 0;
			shellPath = /bin/sh;
			shellScript = "\"${PODS_ROOT}/Target Support Files/Pods-FlickrGallery/Pods-FlickrGallery-frameworks.sh\"\n";
			showEnvVarsInLog = 0;
		};
/* End PBXShellScriptBuildPhase section */

/* Begin PBXSourcesBuildPhase section */
		E1FA47FE2607C25700729713 /* Sources */ = {
			isa = PBXSourcesBuildPhase;
			buildActionMask = 2147483647;
			files = (
				E11CF550260A758B00087B9F /* PhotoCell.swift in Sources */,
				E1274D5C260CEA4C008A16C6 /* Extensions.swift in Sources */,
				E1274D59260CE8E5008A16C6 /* AlamofireFetch.swift in Sources */,
				E1FA48062607C25700729713 /* AppDelegate.swift in Sources */,
				E1FA48082607C25700729713 /* SceneDelegate.swift in Sources */,
				E11CF5432609394C00087B9F /* MainViewController.swift in Sources */,
				E11CF54A260939F800087B9F /* PhotoModel.swift in Sources */,
				E11CF5462609395400087B9F /* PhotoViewController.swift in Sources */,
				E11CF54D260A707000087B9F /* Constants.swift in Sources */,
			);
			runOnlyForDeploymentPostprocessing = 0;
		};
/* End PBXSourcesBuildPhase section */

/* Begin PBXVariantGroup section */
		E1FA480B2607C25700729713 /* Main.storyboard */ = {
			isa = PBXVariantGroup;
			children = (
				E1FA480C2607C25700729713 /* Base */,
			);
			name = Main.storyboard;
			sourceTree = "<group>";
		};
		E1FA48102607C25E00729713 /* LaunchScreen.storyboard */ = {
			isa = PBXVariantGroup;
			children = (
				E1FA48112607C25E00729713 /* Base */,
			);
			name = LaunchScreen.storyboard;
			sourceTree = "<group>";
		};
/* End PBXVariantGroup section */

/* Begin XCBuildConfiguration section */
		E1FA48142607C25E00729713 /* Debug */ = {
			isa = XCBuildConfiguration;
			buildSettings = {
				ALWAYS_SEARCH_USER_PATHS = NO;
				CLANG_ANALYZER_NONNULL = YES;
				CLANG_ANALYZER_NUMBER_OBJECT_CONVERSION = YES_AGGRESSIVE;
				CLANG_CXX_LANGUAGE_STANDARD = "gnu++14";
				CLANG_CXX_LIBRARY = "libc++";
				CLANG_ENABLE_MODULES = YES;
				CLANG_ENABLE_OBJC_ARC = YES;
				CLANG_ENABLE_OBJC_WEAK = YES;
				CLANG_WARN_BLOCK_CAPTURE_AUTORELEASING = YES;
				CLANG_WARN_BOOL_CONVERSION = YES;
				CLANG_WARN_COMMA = YES;
				CLANG_WARN_CONSTANT_CONVERSION = YES;
				CLANG_WARN_DEPRECATED_OBJC_IMPLEMENTATIONS = YES;
				CLANG_WARN_DIRECT_OBJC_ISA_USAGE = YES_ERROR;
				CLANG_WARN_DOCUMENTATION_COMMENTS = YES;
				CLANG_WARN_EMPTY_BODY = YES;
				CLANG_WARN_ENUM_CONVERSION = YES;
				CLANG_WARN_INFINITE_RECURSION = YES;
				CLANG_WARN_INT_CONVERSION = YES;
				CLANG_WARN_NON_LITERAL_NULL_CONVERSION = YES;
				CLANG_WARN_OBJC_IMPLICIT_RETAIN_SELF = YES;
				CLANG_WARN_OBJC_LITERAL_CONVERSION = YES;
				CLANG_WARN_OBJC_ROOT_CLASS = YES_ERROR;
				CLANG_WARN_QUOTED_INCLUDE_IN_FRAMEWORK_HEADER = YES;
				CLANG_WARN_RANGE_LOOP_ANALYSIS = YES;
				CLANG_WARN_STRICT_PROTOTYPES = YES;
				CLANG_WARN_SUSPICIOUS_MOVE = YES;
				CLANG_WARN_UNGUARDED_AVAILABILITY = YES_AGGRESSIVE;
				CLANG_WARN_UNREACHABLE_CODE = YES;
				CLANG_WARN__DUPLICATE_METHOD_MATCH = YES;
				COPY_PHASE_STRIP = NO;
				DEBUG_INFORMATION_FORMAT = dwarf;
				ENABLE_STRICT_OBJC_MSGSEND = YES;
				ENABLE_TESTABILITY = YES;
				GCC_C_LANGUAGE_STANDARD = gnu11;
				GCC_DYNAMIC_NO_PIC = NO;
				GCC_NO_COMMON_BLOCKS = YES;
				GCC_OPTIMIZATION_LEVEL = 0;
				GCC_PREPROCESSOR_DEFINITIONS = (
					"DEBUG=1",
					"$(inherited)",
				);
				GCC_WARN_64_TO_32_BIT_CONVERSION = YES;
				GCC_WARN_ABOUT_RETURN_TYPE = YES_ERROR;
				GCC_WARN_UNDECLARED_SELECTOR = YES;
				GCC_WARN_UNINITIALIZED_AUTOS = YES_AGGRESSIVE;
				GCC_WARN_UNUSED_FUNCTION = YES;
				GCC_WARN_UNUSED_VARIABLE = YES;
				IPHONEOS_DEPLOYMENT_TARGET = 14.3;
				MTL_ENABLE_DEBUG_INFO = INCLUDE_SOURCE;
				MTL_FAST_MATH = YES;
				ONLY_ACTIVE_ARCH = YES;
				SDKROOT = iphoneos;
				SWIFT_ACTIVE_COMPILATION_CONDITIONS = DEBUG;
				SWIFT_OPTIMIZATION_LEVEL = "-Onone";
			};
			name = Debug;
		};
		E1FA48152607C25E00729713 /* Release */ = {
			isa = XCBuildConfiguration;
			buildSettings = {
				ALWAYS_SEARCH_USER_PATHS = NO;
				CLANG_ANALYZER_NONNULL = YES;
				CLANG_ANALYZER_NUMBER_OBJECT_CONVERSION = YES_AGGRESSIVE;
				CLANG_CXX_LANGUAGE_STANDARD = "gnu++14";
				CLANG_CXX_LIBRARY = "libc++";
				CLANG_ENABLE_MODULES = YES;
				CLANG_ENABLE_OBJC_ARC = YES;
				CLANG_ENABLE_OBJC_WEAK = YES;
				CLANG_WARN_BLOCK_CAPTURE_AUTORELEASING = YES;
				CLANG_WARN_BOOL_CONVERSION = YES;
				CLANG_WARN_COMMA = YES;
				CLANG_WARN_CONSTANT_CONVERSION = YES;
				CLANG_WARN_DEPRECATED_OBJC_IMPLEMENTATIONS = YES;
				CLANG_WARN_DIRECT_OBJC_ISA_USAGE = YES_ERROR;
				CLANG_WARN_DOCUMENTATION_COMMENTS = YES;
				CLANG_WARN_EMPTY_BODY = YES;
				CLANG_WARN_ENUM_CONVERSION = YES;
				CLANG_WARN_INFINITE_RECURSION = YES;
				CLANG_WARN_INT_CONVERSION = YES;
				CLANG_WARN_NON_LITERAL_NULL_CONVERSION = YES;
				CLANG_WARN_OBJC_IMPLICIT_RETAIN_SELF = YES;
				CLANG_WARN_OBJC_LITERAL_CONVERSION = YES;
				CLANG_WARN_OBJC_ROOT_CLASS = YES_ERROR;
				CLANG_WARN_QUOTED_INCLUDE_IN_FRAMEWORK_HEADER = YES;
				CLANG_WARN_RANGE_LOOP_ANALYSIS = YES;
				CLANG_WARN_STRICT_PROTOTYPES = YES;
				CLANG_WARN_SUSPICIOUS_MOVE = YES;
				CLANG_WARN_UNGUARDED_AVAILABILITY = YES_AGGRESSIVE;
				CLANG_WARN_UNREACHABLE_CODE = YES;
				CLANG_WARN__DUPLICATE_METHOD_MATCH = YES;
				COPY_PHASE_STRIP = NO;
				DEBUG_INFORMATION_FORMAT = "dwarf-with-dsym";
				ENABLE_NS_ASSERTIONS = NO;
				ENABLE_STRICT_OBJC_MSGSEND = YES;
				GCC_C_LANGUAGE_STANDARD = gnu11;
				GCC_NO_COMMON_BLOCKS = YES;
				GCC_WARN_64_TO_32_BIT_CONVERSION = YES;
				GCC_WARN_ABOUT_RETURN_TYPE = YES_ERROR;
				GCC_WARN_UNDECLARED_SELECTOR = YES;
				GCC_WARN_UNINITIALIZED_AUTOS = YES_AGGRESSIVE;
				GCC_WARN_UNUSED_FUNCTION = YES;
				GCC_WARN_UNUSED_VARIABLE = YES;
				IPHONEOS_DEPLOYMENT_TARGET = 14.3;
				MTL_ENABLE_DEBUG_INFO = NO;
				MTL_FAST_MATH = YES;
				SDKROOT = iphoneos;
				SWIFT_COMPILATION_MODE = wholemodule;
				SWIFT_OPTIMIZATION_LEVEL = "-O";
				VALIDATE_PRODUCT = YES;
			};
			name = Release;
		};
		E1FA48172607C25E00729713 /* Debug */ = {
			isa = XCBuildConfiguration;
			baseConfigurationReference = 064A2A303792D3C5EC920812 /* Pods-FlickrGallery.debug.xcconfig */;
			buildSettings = {
				ASSETCATALOG_COMPILER_APPICON_NAME = AppIcon;
				ASSETCATALOG_COMPILER_GLOBAL_ACCENT_COLOR_NAME = AccentColor;
				CODE_SIGN_STYLE = Automatic;
				INFOPLIST_FILE = FlickrGallery/Helpers/Info.plist;
				LD_RUNPATH_SEARCH_PATHS = (
					"$(inherited)",
					"@executable_path/Frameworks",
				);
				PRODUCT_BUNDLE_IDENTIFIER = com.RomanAvdonin.FlickrGallery;
				PRODUCT_NAME = "$(TARGET_NAME)";
				SWIFT_VERSION = 5.0;
				TARGETED_DEVICE_FAMILY = "1,2";
			};
			name = Debug;
		};
		E1FA48182607C25E00729713 /* Release */ = {
			isa = XCBuildConfiguration;
			baseConfigurationReference = 72B499FEA77E85FA632C7C88 /* Pods-FlickrGallery.release.xcconfig */;
			buildSettings = {
				ASSETCATALOG_COMPILER_APPICON_NAME = AppIcon;
				ASSETCATALOG_COMPILER_GLOBAL_ACCENT_COLOR_NAME = AccentColor;
				CODE_SIGN_STYLE = Automatic;
				INFOPLIST_FILE = FlickrGallery/Helpers/Info.plist;
				LD_RUNPATH_SEARCH_PATHS = (
					"$(inherited)",
					"@executable_path/Frameworks",
				);
				PRODUCT_BUNDLE_IDENTIFIER = com.RomanAvdonin.FlickrGallery;
				PRODUCT_NAME = "$(TARGET_NAME)";
				SWIFT_VERSION = 5.0;
				TARGETED_DEVICE_FAMILY = "1,2";
			};
			name = Release;
		};
/* End XCBuildConfiguration section */

/* Begin XCConfigurationList section */
		E1FA47FD2607C25700729713 /* Build configuration list for PBXProject "FlickrGallery" */ = {
			isa = XCConfigurationList;
			buildConfigurations = (
				E1FA48142607C25E00729713 /* Debug */,
				E1FA48152607C25E00729713 /* Release */,
			);
			defaultConfigurationIsVisible = 0;
			defaultConfigurationName = Release;
		};
		E1FA48162607C25E00729713 /* Build configuration list for PBXNativeTarget "FlickrGallery" */ = {
			isa = XCConfigurationList;
			buildConfigurations = (
				E1FA48172607C25E00729713 /* Debug */,
				E1FA48182607C25E00729713 /* Release */,
			);
			defaultConfigurationIsVisible = 0;
			defaultConfigurationName = Release;
		};
/* End XCConfigurationList section */
	};
	rootObject = E1FA47FA2607C25700729713 /* Project object */;
}
